FORGE
  remote: http://forge.puppetlabs.com
  specs:
    maestrodev/ant (1.0.3)
      maestrodev/wget (>= 0.0.1)
    maestrodev/archiva (1.0.1)
      maestrodev/wget (>= 1.0.0)
    maestrodev/git (1.0.0)
    maestrodev/jenkins (1.0.1)
    maestrodev/maestro (1.1.0)
      maestrodev/maven (>= 1.0.0)
      maestrodev/wget (>= 1.0.0)
      puppetlabs/postgresql (= 2.0.1)
      puppetlabs/stdlib (>= 2.5.1)
    maestrodev/maven (1.0.0)
      maestrodev/wget (>= 0.0.1)
    maestrodev/rvm (1.0.0)
    maestrodev/sonar (1.0.0)
      maestrodev/maven (>= 0.0.2)
      maestrodev/wget (>= 0.0.1)
      puppetlabs/stdlib (>= 2.3.0)
    maestrodev/ssh_keygen (1.0.0)
    maestrodev/svn (1.0.0)
    maestrodev/wget (1.1.0)
    puppetlabs/apt (1.1.0)
      puppetlabs/stdlib (>= 2.2.1)
    puppetlabs/firewall (0.2.1)
    puppetlabs/postgresql (2.0.1)
      puppetlabs/apt (< 2.0.0, >= 1.1.0)
      puppetlabs/firewall (>= 0.0.4)
      puppetlabs/stdlib (< 4.0.0, >= 3.2.0)
    puppetlabs/stdlib (3.2.0)

GIT
  remote: https://github.com/jfryman/puppet-nginx.git
  ref: master
  sha: e333b4cca0c348e30af8fa5cebeeb76b61866d2f
  specs:
    nginx ()
      puppetlabs/stdlib (>= 0.1.6)

DEPENDENCIES
  maestrodev/ant (>= 1.0.3)
  maestrodev/archiva (~> 1.0)
  maestrodev/git (>= 1.0.0)
  maestrodev/jenkins (>= 0)
  maestrodev/maestro (>= 1.0.0)
  maestrodev/maven (>= 0.0.2)
  maestrodev/rvm (>= 0)
  maestrodev/sonar (~> 1.0)
  maestrodev/ssh_keygen (~> 1.0)
  maestrodev/svn (>= 0)
  nginx (>= 0)

